
Microsoft Visual Studio Solution File, Format Version 12.00
# Visual Studio Version 17
VisualStudioVersion = 17.12.35521.163
MinimumVisualStudioVersion = 10.0.40219.1
Project("{FAE04EC0-301F-11D3-BF4B-00C04F79EFBC}") = "BarcodeProject.UI", "BarcodeForm\BarcodeProject.UI.csproj", "{4B08F6E3-299A-4828-8BF9-EA9275939D3B}"
EndProject
Project("{FAE04EC0-301F-11D3-BF4B-00C04F79EFBC}") = "BarcodeProject.Core", "BarcodeProject.Core\BarcodeProject.Core.csproj", "{6D17527C-F46A-446B-B91C-7071F6C0519D}"
EndProject
Project("{FAE04EC0-301F-11D3-BF4B-00C04F79EFBC}") = "BarcodeProject.Web", "BarcodeProject.Web\BarcodeProject.Web.csproj", "{DDADEF1E-90E9-4DAB-8E62-B858D2AE3BDE}"
EndProject
Global
	GlobalSection(SolutionConfigurationPlatforms) = preSolution
		Debug|Any CPU = Debug|Any CPU
		Release|Any CPU = Release|Any CPU
	EndGlobalSection
	GlobalSection(ProjectConfigurationPlatforms) = postSolution
		{4B08F6E3-299A-4828-8BF9-EA9275939D3B}.Debug|Any CPU.ActiveCfg = Debug|Any CPU
		{4B08F6E3-299A-4828-8BF9-EA9275939D3B}.Debug|Any CPU.Build.0 = Debug|Any CPU
		{4B08F6E3-299A-4828-8BF9-EA9275939D3B}.Release|Any CPU.ActiveCfg = Release|Any CPU
		{4B08F6E3-299A-4828-8BF9-EA9275939D3B}.Release|Any CPU.Build.0 = Release|Any CPU
		{6D17527C-F46A-446B-B91C-7071F6C0519D}.Debug|Any CPU.ActiveCfg = Debug|Any CPU
		{6D17527C-F46A-446B-B91C-7071F6C0519D}.Debug|Any CPU.Build.0 = Debug|Any CPU
		{6D17527C-F46A-446B-B91C-7071F6C0519D}.Release|Any CPU.ActiveCfg = Release|Any CPU
		{6D17527C-F46A-446B-B91C-7071F6C0519D}.Release|Any CPU.Build.0 = Release|Any CPU
		{DDADEF1E-90E9-4DAB-8E62-B858D2AE3BDE}.Debug|Any CPU.ActiveCfg = Debug|Any CPU
		{DDADEF1E-90E9-4DAB-8E62-B858D2AE3BDE}.Debug|Any CPU.Build.0 = Debug|Any CPU
		{DDADEF1E-90E9-4DAB-8E62-B858D2AE3BDE}.Release|Any CPU.ActiveCfg = Release|Any CPU
		{DDADEF1E-90E9-4DAB-8E62-B858D2AE3BDE}.Release|Any CPU.Build.0 = Release|Any CPU
	EndGlobalSection
	GlobalSection(SolutionProperties) = preSolution
		HideSolutionNode = FALSE
	EndGlobalSection
	GlobalSection(ExtensibilityGlobals) = postSolution
		SolutionGuid = {7E3EF62D-EE70-426A-B5CC-965453EB63B2}
	EndGlobalSection
EndGlobal
